{
  "name": "node-app",
  "version": "1.0.0",
  "lockfileVersion": 1,
  "requires": true,
  "dependencies": {
    "jsonwebtoken": {
      "version": "8.5.1",
      "resolved": "https://registry.npm.taobao.org/jsonwebtoken/download/jsonwebtoken-8.5.1.tgz",
      "dependencies": {
        "jws": {
          "version": "https://registry.npm.taobao.org/jws/download/jws-3.2.2.tgz",
          "bundled": true
        },
        "lodash.includes": {
          "version": "https://registry.npm.taobao.org/lodash.includes/download/lodash.includes-4.3.0.tgz",
          "bundled": true
        },
        "lodash.isboolean": {
          "version": "https://registry.npm.taobao.org/lodash.isboolean/download/lodash.isboolean-3.0.3.tgz",
          "bundled": true
        },
        "lodash.isinteger": {
          "version": "https://registry.npm.taobao.org/lodash.isinteger/download/lodash.isinteger-4.0.4.tgz",
          "bundled": true
        },
        "lodash.isnumber": {
          "version": "https://registry.npm.taobao.org/lodash.isnumber/download/lodash.isnumber-3.0.3.tgz",
          "bundled": true
        },
        "lodash.isplainobject": {
          "version": "https://registry.npm.taobao.org/lodash.isplainobject/download/lodash.isplainobject-4.0.6.tgz",
          "bundled": true
        },
        "lodash.isstring": {
          "version": "https://registry.npm.taobao.org/lodash.isstring/download/lodash.isstring-4.0.1.tgz",
          "bundled": true
        },
        "lodash.once": {
          "version": "https://registry.npm.taobao.org/lodash.once/download/lodash.once-4.1.1.tgz",
          "bundled": true
        },
        "ms": {
          "version": "https://registry.npm.taobao.org/ms/download/ms-2.1.1.tgz",
          "bundled": true
        },
        "semver": {
          "version": "https://registry.npm.taobao.org/semver/download/semver-5.7.0.tgz",
          "bundled": true
        }
      }
    },
    "passport-jwt": {
      "version": "4.0.0",
      "resolved": "https://registry.npmjs.org/passport-jwt/-/passport-jwt-4.0.0.tgz",
      "integrity": "sha512-BwC0n2GP/1hMVjR4QpnvqA61TxenUMlmfNjYNgK0ZAs0HK4SOQkHcSv4L328blNTLtHq7DbmvyNJiH+bn6C5Mg==",
      "requires": {
        "jsonwebtoken": "^8.2.0",
        "passport-strategy": "^1.0.0"
      }
    },
    "passport-strategy": {
      "version": "1.0.0",
      "resolved": "https://registry.npmjs.org/passport-strategy/-/passport-strategy-1.0.0.tgz",
      "integrity": "sha1-tVOaqPwiWj0a0XlHbd8ja0QPUuQ="
    }
  }
}
